// !$*UTF8*$!
{
	archiveVersion = 1;
	classes = {
	};
	objectVersion = 46;
	objects = {

/* Begin PBXBuildFile section */
		01D8AD8496ED4D299349A890 /* Pods_DribbbleCollection.framework in Frameworks */ = {isa = PBXBuildFile; fileRef = 3E283D59282D777A16A5BAA4 /* Pods_DribbbleCollection.framework */; };
		C019BAE01EF14F4900AB4072 /* LoginViewController.swift in Sources */ = {isa = PBXBuildFile; fileRef = C019BADF1EF14F4900AB4072 /* LoginViewController.swift */; };
		C019BAE21EF14F6C00AB4072 /* User.swift in Sources */ = {isa = PBXBuildFile; fileRef = C019BAE11EF14F6C00AB4072 /* User.swift */; };
		C019BAE41EF14F9E00AB4072 /* Shot.swift in Sources */ = {isa = PBXBuildFile; fileRef = C019BAE31EF14F9E00AB4072 /* Shot.swift */; };
		C01D46641EE7D2F50081A7D3 /* ImageManager.swift in Sources */ = {isa = PBXBuildFile; fileRef = C01D46631EE7D2F50081A7D3 /* ImageManager.swift */; };
		C0B53FA91EBE9F1C00C3CE8E /* GalleryItem.swift in Sources */ = {isa = PBXBuildFile; fileRef = C0B53FA81EBE9F1C00C3CE8E /* GalleryItem.swift */; };
		C0C4EF181EA83A9E000B4F02 /* AppDelegate.swift in Sources */ = {isa = PBXBuildFile; fileRef = C0C4EF171EA83A9E000B4F02 /* AppDelegate.swift */; };
		C0C4EF1D1EA83A9E000B4F02 /* Main.storyboard in Resources */ = {isa = PBXBuildFile; fileRef = C0C4EF1B1EA83A9E000B4F02 /* Main.storyboard */; };
		C0C4EF1F1EA83A9E000B4F02 /* Assets.xcassets in Resources */ = {isa = PBXBuildFile; fileRef = C0C4EF1E1EA83A9E000B4F02 /* Assets.xcassets */; };
		C0C4EF221EA83A9E000B4F02 /* LaunchScreen.storyboard in Resources */ = {isa = PBXBuildFile; fileRef = C0C4EF201EA83A9E000B4F02 /* LaunchScreen.storyboard */; };
		C0C4EF2B1EA83BCF000B4F02 /* DribbbleCell.swift in Sources */ = {isa = PBXBuildFile; fileRef = C0C4EF291EA83BCF000B4F02 /* DribbbleCell.swift */; };
		C0C4EF2C1EA83BCF000B4F02 /* DribbbleCell.xib in Resources */ = {isa = PBXBuildFile; fileRef = C0C4EF2A1EA83BCF000B4F02 /* DribbbleCell.xib */; };
		C0C4EF2E1EA83BF4000B4F02 /* DribbbleCollectionViewController.swift in Sources */ = {isa = PBXBuildFile; fileRef = C0C4EF2D1EA83BF4000B4F02 /* DribbbleCollectionViewController.swift */; };
/* End PBXBuildFile section */

/* Begin PBXFileReference section */
		3E283D59282D777A16A5BAA4 /* Pods_DribbbleCollection.framework */ = {isa = PBXFileReference; explicitFileType = wrapper.framework; includeInIndex = 0; path = Pods_DribbbleCollection.framework; sourceTree = BUILT_PRODUCTS_DIR; };
		62EB71849FD48714F9D69E6A /* Pods-DribbbleCollection.debug.xcconfig */ = {isa = PBXFileReference; includeInIndex = 1; lastKnownFileType = text.xcconfig; name = "Pods-DribbbleCollection.debug.xcconfig"; path = "Pods/Target Support Files/Pods-DribbbleCollection/Pods-DribbbleCollection.debug.xcconfig"; sourceTree = "<group>"; };
		C019BADF1EF14F4900AB4072 /* LoginViewController.swift */ = {isa = PBXFileReference; fileEncoding = 4; lastKnownFileType = sourcecode.swift; path = LoginViewController.swift; sourceTree = "<group>"; };
		C019BAE11EF14F6C00AB4072 /* User.swift */ = {isa = PBXFileReference; fileEncoding = 4; lastKnownFileType = sourcecode.swift; path = User.swift; sourceTree = "<group>"; };
		C019BAE31EF14F9E00AB4072 /* Shot.swift */ = {isa = PBXFileReference; fileEncoding = 4; lastKnownFileType = sourcecode.swift; path = Shot.swift; sourceTree = "<group>"; };
		C01D46631EE7D2F50081A7D3 /* ImageManager.swift */ = {isa = PBXFileReference; fileEncoding = 4; lastKnownFileType = sourcecode.swift; path = ImageManager.swift; sourceTree = "<group>"; };
		C0B53FA81EBE9F1C00C3CE8E /* GalleryItem.swift */ = {isa = PBXFileReference; fileEncoding = 4; lastKnownFileType = sourcecode.swift; path = GalleryItem.swift; sourceTree = "<group>"; };
		C0C4EF141EA83A9E000B4F02 /* DribbbleCollection.app */ = {isa = PBXFileReference; explicitFileType = wrapper.application; includeInIndex = 0; path = DribbbleCollection.app; sourceTree = BUILT_PRODUCTS_DIR; };
		C0C4EF171EA83A9E000B4F02 /* AppDelegate.swift */ = {isa = PBXFileReference; lastKnownFileType = sourcecode.swift; path = AppDelegate.swift; sourceTree = "<group>"; };
		C0C4EF1C1EA83A9E000B4F02 /* Base */ = {isa = PBXFileReference; lastKnownFileType = file.storyboard; name = Base; path = Base.lproj/Main.storyboard; sourceTree = "<group>"; };
		C0C4EF1E1EA83A9E000B4F02 /* Assets.xcassets */ = {isa = PBXFileReference; lastKnownFileType = folder.assetcatalog; path = Assets.xcassets; sourceTree = "<group>"; };
		C0C4EF211EA83A9E000B4F02 /* Base */ = {isa = PBXFileReference; lastKnownFileType = file.storyboard; name = Base; path = Base.lproj/LaunchScreen.storyboard; sourceTree = "<group>"; };
		C0C4EF231EA83A9E000B4F02 /* Info.plist */ = {isa = PBXFileReference; lastKnownFileType = text.plist.xml; path = Info.plist; sourceTree = "<group>"; };
		C0C4EF291EA83BCF000B4F02 /* DribbbleCell.swift */ = {isa = PBXFileReference; fileEncoding = 4; lastKnownFileType = sourcecode.swift; name = DribbbleCell.swift; path = ../DribbbleCell.swift; sourceTree = "<group>"; };
		C0C4EF2A1EA83BCF000B4F02 /* DribbbleCell.xib */ = {isa = PBXFileReference; fileEncoding = 4; lastKnownFileType = file.xib; name = DribbbleCell.xib; path = ../DribbbleCell.xib; sourceTree = "<group>"; };
		C0C4EF2D1EA83BF4000B4F02 /* DribbbleCollectionViewController.swift */ = {isa = PBXFileReference; fileEncoding = 4; lastKnownFileType = sourcecode.swift; path = DribbbleCollectionViewController.swift; sourceTree = SOURCE_ROOT; };
		D941DC4125F34DEF5F2D64CC /* Pods-DribbbleCollection.release.xcconfig */ = {isa = PBXFileReference; includeInIndex = 1; lastKnownFileType = text.xcconfig; name = "Pods-DribbbleCollection.release.xcconfig"; path = "Pods/Target Support Files/Pods-DribbbleCollection/Pods-DribbbleCollection.release.xcconfig"; sourceTree = "<group>"; };
/* End PBXFileReference section */

/* Begin PBXFrameworksBuildPhase section */
		C0C4EF111EA83A9E000B4F02 /* Frameworks */ = {
			isa = PBXFrameworksBuildPhase;
			buildActionMask = 2147483647;
			files = (
				01D8AD8496ED4D299349A890 /* Pods_DribbbleCollection.framework in Frameworks */,
			);
			runOnlyForDeploymentPostprocessing = 0;
		};
/* End PBXFrameworksBuildPhase section */

/* Begin PBXGroup section */
		4360CA3DDD6B8BE5E77C6F6A /* Frameworks */ = {
			isa = PBXGroup;
			children = (
				3E283D59282D777A16A5BAA4 /* Pods_DribbbleCollection.framework */,
			);
			name = Frameworks;
			sourceTree = "<group>";
		};
		8C23D539C8FC9DD5742CFE5A /* Pods */ = {
			isa = PBXGroup;
			children = (
				62EB71849FD48714F9D69E6A /* Pods-DribbbleCollection.debug.xcconfig */,
				D941DC4125F34DEF5F2D64CC /* Pods-DribbbleCollection.release.xcconfig */,
			);
			name = Pods;
			sourceTree = "<group>";
		};
		C0C4EF0B1EA83A9D000B4F02 = {
			isa = PBXGroup;
			children = (
				C0C4EF161EA83A9E000B4F02 /* DribbbleCollection */,
				C0C4EF151EA83A9E000B4F02 /* Products */,
				8C23D539C8FC9DD5742CFE5A /* Pods */,
				4360CA3DDD6B8BE5E77C6F6A /* Frameworks */,
			);
			sourceTree = "<group>";
		};
		C0C4EF151EA83A9E000B4F02 /* Products */ = {
			isa = PBXGroup;
			children = (
				C0C4EF141EA83A9E000B4F02 /* DribbbleCollection.app */,
			);
			name = Products;
			sourceTree = "<group>";
		};
		C0C4EF161EA83A9E000B4F02 /* DribbbleCollection */ = {
			isa = PBXGroup;
			children = (
				C0C4EF311EA83DA7000B4F02 /* Controller */,
				C0C4EF301EA83DA2000B4F02 /* View */,
				C0C4EF2F1EA83D9A000B4F02 /* Model */,
				C0C4EF321EA83DC0000B4F02 /* Supplementary */,
			);
			path = DribbbleCollection;
			sourceTree = "<group>";
		};
		C0C4EF2F1EA83D9A000B4F02 /* Model */ = {
			isa = PBXGroup;
			children = (
				C01D46631EE7D2F50081A7D3 /* ImageManager.swift */,
				C019BAE11EF14F6C00AB4072 /* User.swift */,
				C019BAE31EF14F9E00AB4072 /* Shot.swift */,
			);
			name = Model;
			sourceTree = "<group>";
		};
		C0C4EF301EA83DA2000B4F02 /* View */ = {
			isa = PBXGroup;
			children = (
				C0C4EF1B1EA83A9E000B4F02 /* Main.storyboard */,
				C0C4EF291EA83BCF000B4F02 /* DribbbleCell.swift */,
				C0C4EF2A1EA83BCF000B4F02 /* DribbbleCell.xib */,
				C0B53FA81EBE9F1C00C3CE8E /* GalleryItem.swift */,
			);
			name = View;
			sourceTree = "<group>";
		};
		C0C4EF311EA83DA7000B4F02 /* Controller */ = {
			isa = PBXGroup;
			children = (
				C0C4EF171EA83A9E000B4F02 /* AppDelegate.swift */,
				C0C4EF2D1EA83BF4000B4F02 /* DribbbleCollectionViewController.swift */,
				C019BADF1EF14F4900AB4072 /* LoginViewController.swift */,
			);
			name = Controller;
			sourceTree = "<group>";
		};
		C0C4EF321EA83DC0000B4F02 /* Supplementary */ = {
			isa = PBXGroup;
			children = (
				C0C4EF231EA83A9E000B4F02 /* Info.plist */,
				C0C4EF1E1EA83A9E000B4F02 /* Assets.xcassets */,
				C0C4EF201EA83A9E000B4F02 /* LaunchScreen.storyboard */,
			);
			name = Supplementary;
			sourceTree = "<group>";
		};
/* End PBXGroup section */

/* Begin PBXNativeTarget section */
		C0C4EF131EA83A9E000B4F02 /* DribbbleCollection */ = {
			isa = PBXNativeTarget;
			buildConfigurationList = C0C4EF261EA83A9E000B4F02 /* Build configuration list for PBXNativeTarget "DribbbleCollection" */;
			buildPhases = (
				7E777407F3F3AF7851FC393E /* [CP] Check Pods Manifest.lock */,
				C0C4EF101EA83A9E000B4F02 /* Sources */,
				C0C4EF111EA83A9E000B4F02 /* Frameworks */,
				C0C4EF121EA83A9E000B4F02 /* Resources */,
				35558BB00A1DCA50E4511813 /* [CP] Embed Pods Frameworks */,
				7BD43BCAB810CFB31D1957F0 /* [CP] Copy Pods Resources */,
			);
			buildRules = (
			);
			dependencies = (
			);
			name = DribbbleCollection;
			productName = DribbbleCollection;
			productReference = C0C4EF141EA83A9E000B4F02 /* DribbbleCollection.app */;
			productType = "com.apple.product-type.application";
		};
/* End PBXNativeTarget section */

/* Begin PBXProject section */
		C0C4EF0C1EA83A9E000B4F02 /* Project object */ = {
			isa = PBXProject;
			attributes = {
				LastSwiftUpdateCheck = 0830;
				LastUpgradeCheck = 0900;
				ORGANIZATIONNAME = "Serg Tsogtbaatar";
				TargetAttributes = {
					C0C4EF131EA83A9E000B4F02 = {
						CreatedOnToolsVersion = 8.3.1;
						DevelopmentTeam = P42QZ5498J;
						ProvisioningStyle = Automatic;
					};
				};
			};
			buildConfigurationList = C0C4EF0F1EA83A9E000B4F02 /* Build configuration list for PBXProject "DribbbleCollection" */;
			compatibilityVersion = "Xcode 3.2";
			developmentRegion = English;
			hasScannedForEncodings = 0;
			knownRegions = (
				en,
				Base,
			);
			mainGroup = C0C4EF0B1EA83A9D000B4F02;
			productRefGroup = C0C4EF151EA83A9E000B4F02 /* Products */;
			projectDirPath = "";
			projectRoot = "";
			targets = (
				C0C4EF131EA83A9E000B4F02 /* DribbbleCollection */,
			);
		};
/* End PBXProject section */

/* Begin PBXResourcesBuildPhase section */
		C0C4EF121EA83A9E000B4F02 /* Resources */ = {
			isa = PBXResourcesBuildPhase;
			buildActionMask = 2147483647;
			files = (
				C0C4EF221EA83A9E000B4F02 /* LaunchScreen.storyboard in Resources */,
				C0C4EF1F1EA83A9E000B4F02 /* Assets.xcassets in Resources */,
				C0C4EF1D1EA83A9E000B4F02 /* Main.storyboard in Resources */,
				C0C4EF2C1EA83BCF000B4F02 /* DribbbleCell.xib in Resources */,
			);
			runOnlyForDeploymentPostprocessing = 0;
		};
/* End PBXResourcesBuildPhase section */

/* Begin PBXShellScriptBuildPhase section */
		35558BB00A1DCA50E4511813 /* [CP] Embed Pods Frameworks */ = {
			isa = PBXShellScriptBuildPhase;
			buildActionMask = 2147483647;
			files = (
			);
			inputPaths = (
			);
			name = "[CP] Embed Pods Frameworks";
			outputPaths = (
			);
			runOnlyForDeploymentPostprocessing = 0;
			shellPath = /bin/sh;
			shellScript = "\"${SRCROOT}/Pods/Target Support Files/Pods-DribbbleCollection/Pods-DribbbleCollection-frameworks.sh\"\n";
			showEnvVarsInLog = 0;
		};
		7BD43BCAB810CFB31D1957F0 /* [CP] Copy Pods Resources */ = {
			isa = PBXShellScriptBuildPhase;
			buildActionMask = 2147483647;
			files = (
			);
			inputPaths = (
			);
			name = "[CP] Copy Pods Resources";
			outputPaths = (
			);
			runOnlyForDeploymentPostprocessing = 0;
			shellPath = /bin/sh;
			shellScript = "\"${SRCROOT}/Pods/Target Support Files/Pods-DribbbleCollection/Pods-DribbbleCollection-resources.sh\"\n";
			showEnvVarsInLog = 0;
		};
		7E777407F3F3AF7851FC393E /* [CP] Check Pods Manifest.lock */ = {
			isa = PBXShellScriptBuildPhase;
			buildActionMask = 2147483647;
			files = (
			);
			inputPaths = (
			);
			name = "[CP] Check Pods Manifest.lock";
			outputPaths = (
			);
			runOnlyForDeploymentPostprocessing = 0;
			shellPath = /bin/sh;
			shellScript = "diff \"${PODS_ROOT}/../Podfile.lock\" \"${PODS_ROOT}/Manifest.lock\" > /dev/null\nif [ $? != 0 ] ; then\n    # print error to STDERR\n    echo \"error: The sandbox is not in sync with the Podfile.lock. Run 'pod install' or update your CocoaPods installation.\" >&2\n    exit 1\nfi\n";
			showEnvVarsInLog = 0;
		};
/* End PBXShellScriptBuildPhase section */

/* Begin PBXSourcesBuildPhase section */
		C0C4EF101EA83A9E000B4F02 /* Sources */ = {
			isa = PBXSourcesBuildPhase;
			buildActionMask = 2147483647;
			files = (
				C019BAE01EF14F4900AB4072 /* LoginViewController.swift in Sources */,
				C0C4EF2E1EA83BF4000B4F02 /* DribbbleCollectionViewController.swift in Sources */,
				C0C4EF181EA83A9E000B4F02 /* AppDelegate.swift in Sources */,
				C0C4EF2B1EA83BCF000B4F02 /* DribbbleCell.swift in Sources */,
				C01D46641EE7D2F50081A7D3 /* ImageManager.swift in Sources */,
				C0B53FA91EBE9F1C00C3CE8E /* GalleryItem.swift in Sources */,
				C019BAE21EF14F6C00AB4072 /* User.swift in Sources */,
				C019BAE41EF14F9E00AB4072 /* Shot.swift in Sources */,
			);
			runOnlyForDeploymentPostprocessing = 0;
		};
/* End PBXSourcesBuildPhase section */

/* Begin PBXVariantGroup section */
		C0C4EF1B1EA83A9E000B4F02 /* Main.storyboard */ = {
			isa = PBXVariantGroup;
			children = (
				C0C4EF1C1EA83A9E000B4F02 /* Base */,
			);
			name = Main.storyboard;
			sourceTree = "<group>";
		};
		C0C4EF201EA83A9E000B4F02 /* LaunchScreen.storyboard */ = {
			isa = PBXVariantGroup;
			children = (
				C0C4EF211EA83A9E000B4F02 /* Base */,
			);
			name = LaunchScreen.storyboard;
			sourceTree = "<group>";
		};
/* End PBXVariantGroup section */

/* Begin XCBuildConfiguration section */
		C0C4EF241EA83A9E000B4F02 /* Debug */ = {
			isa = XCBuildConfiguration;
			buildSettings = {
				ALWAYS_SEARCH_USER_PATHS = NO;
				CLANG_ANALYZER_NONNULL = YES;
				CLANG_ANALYZER_NUMBER_OBJECT_CONVERSION = YES_AGGRESSIVE;
				CLANG_CXX_LANGUAGE_STANDARD = "gnu++0x";
				CLANG_CXX_LIBRARY = "libc++";
				CLANG_ENABLE_MODULES = YES;
				CLANG_ENABLE_OBJC_ARC = YES;
				CLANG_WARN_BLOCK_CAPTURE_AUTORELEASING = YES;
				CLANG_WARN_BOOL_CONVERSION = YES;
				CLANG_WARN_COMMA = YES;
				CLANG_WARN_CONSTANT_CONVERSION = YES;
				CLANG_WARN_DIRECT_OBJC_ISA_USAGE = YES_ERROR;
				CLANG_WARN_DOCUMENTATION_COMMENTS = YES;
				CLANG_WARN_EMPTY_BODY = YES;
				CLANG_WARN_ENUM_CONVERSION = YES;
				CLANG_WARN_INFINITE_RECURSION = YES;
				CLANG_WARN_INT_CONVERSION = YES;
				CLANG_WARN_NON_LITERAL_NULL_CONVERSION = YES;
				CLANG_WARN_OBJC_LITERAL_CONVERSION = YES;
				CLANG_WARN_OBJC_ROOT_CLASS = YES_ERROR;
				CLANG_WARN_RANGE_LOOP_ANALYSIS = YES;
				CLANG_WARN_STRICT_PROTOTYPES = YES;
				CLANG_WARN_SUSPICIOUS_MOVE = YES;
				CLANG_WARN_UNREACHABLE_CODE = YES;
				CLANG_WARN__DUPLICATE_METHOD_MATCH = YES;
				"CODE_SIGN_IDENTITY[sdk=iphoneos*]" = "iPhone Developer";
				COPY_PHASE_STRIP = NO;
				DEBUG_INFORMATION_FORMAT = dwarf;
				ENABLE_STRICT_OBJC_MSGSEND = YES;
				ENABLE_TESTABILITY = YES;
				GCC_C_LANGUAGE_STANDARD = gnu99;
				GCC_DYNAMIC_NO_PIC = NO;
				GCC_NO_COMMON_BLOCKS = YES;
				GCC_OPTIMIZATION_LEVEL = 0;
				GCC_PREPROCESSOR_DEFINITIONS = (
					"DEBUG=1",
					"$(inherited)",
				);
				GCC_WARN_64_TO_32_BIT_CONVERSION = YES;
				GCC_WARN_ABOUT_RETURN_TYPE = YES_ERROR;
				GCC_WARN_UNDECLARED_SELECTOR = YES;
				GCC_WARN_UNINITIALIZED_AUTOS = YES_AGGRESSIVE;
				GCC_WARN_UNUSED_FUNCTION = YES;
				GCC_WARN_UNUSED_VARIABLE = YES;
				IPHONEOS_DEPLOYMENT_TARGET = 10.0;
				MTL_ENABLE_DEBUG_INFO = YES;
				ONLY_ACTIVE_ARCH = YES;
				SDKROOT = iphoneos;
				SWIFT_ACTIVE_COMPILATION_CONDITIONS = DEBUG;
				SWIFT_OPTIMIZATION_LEVEL = "-Onone";
			};
			name = Debug;
		};
		C0C4EF251EA83A9E000B4F02 /* Release */ = {
			isa = XCBuildConfiguration;
			buildSettings = {
				ALWAYS_SEARCH_USER_PATHS = NO;
				CLANG_ANALYZER_NONNULL = YES;
				CLANG_ANALYZER_NUMBER_OBJECT_CONVERSION = YES_AGGRESSIVE;
				CLANG_CXX_LANGUAGE_STANDARD = "gnu++0x";
				CLANG_CXX_LIBRARY = "libc++";
				CLANG_ENABLE_MODULES = YES;
				CLANG_ENABLE_OBJC_ARC = YES;
				CLANG_WARN_BLOCK_CAPTURE_AUTORELEASING = YES;
				CLANG_WARN_BOOL_CONVERSION = YES;
				CLANG_WARN_COMMA = YES;
				CLANG_WARN_CONSTANT_CONVERSION = YES;
				CLANG_WARN_DIRECT_OBJC_ISA_USAGE = YES_ERROR;
				CLANG_WARN_DOCUMENTATION_COMMENTS = YES;
				CLANG_WARN_EMPTY_BODY = YES;
				CLANG_WARN_ENUM_CONVERSION = YES;
				CLANG_WARN_INFINITE_RECURSION = YES;
				CLANG_WARN_INT_CONVERSION = YES;
				CLANG_WARN_NON_LITERAL_NULL_CONVERSION = YES;
				CLANG_WARN_OBJC_LITERAL_CONVERSION = YES;
				CLANG_WARN_OBJC_ROOT_CLASS = YES_ERROR;
				CLANG_WARN_RANGE_LOOP_ANALYSIS = YES;
				CLANG_WARN_STRICT_PROTOTYPES = YES;
				CLANG_WARN_SUSPICIOUS_MOVE = YES;
				CLANG_WARN_UNREACHABLE_CODE = YES;
				CLANG_WARN__DUPLICATE_METHOD_MATCH = YES;
				"CODE_SIGN_IDENTITY[sdk=iphoneos*]" = "iPhone Developer";
				COPY_PHASE_STRIP = NO;
				DEBUG_INFORMATION_FORMAT = "dwarf-with-dsym";
				ENABLE_NS_ASSERTIONS = NO;
				ENABLE_STRICT_OBJC_MSGSEND = YES;
				GCC_C_LANGUAGE_STANDARD = gnu99;
				GCC_NO_COMMON_BLOCKS = YES;
				GCC_WARN_64_TO_32_BIT_CONVERSION = YES;
				GCC_WARN_ABOUT_RETURN_TYPE = YES_ERROR;
				GCC_WARN_UNDECLARED_SELECTOR = YES;
				GCC_WARN_UNINITIALIZED_AUTOS = YES_AGGRESSIVE;
				GCC_WARN_UNUSED_FUNCTION = YES;
				GCC_WARN_UNUSED_VARIABLE = YES;
				IPHONEOS_DEPLOYMENT_TARGET = 10.0;
				MTL_ENABLE_DEBUG_INFO = NO;
				SDKROOT = iphoneos;
				SWIFT_OPTIMIZATION_LEVEL = "-Owholemodule";
				VALIDATE_PRODUCT = YES;
			};
			name = Release;
		};
		C0C4EF271EA83A9E000B4F02 /* Debug */ = {
			isa = XCBuildConfiguration;
			baseConfigurationReference = 62EB71849FD48714F9D69E6A /* Pods-DribbbleCollection.debug.xcconfig */;
			buildSettings = {
				ASSETCATALOG_COMPILER_APPICON_NAME = AppIcon;
				DEVELOPMENT_TEAM = P42QZ5498J;
				INFOPLIST_FILE = DribbbleCollection/Info.plist;
				LD_RUNPATH_SEARCH_PATHS = "$(inherited) @executable_path/Frameworks";
				PRODUCT_BUNDLE_IDENTIFIER = com.sergtsaeb.DribbbleCollection;
				PRODUCT_NAME = "$(TARGET_NAME)";
				SWIFT_VERSION = 3.0;
			};
			name = Debug;
		};
		C0C4EF281EA83A9E000B4F02 /* Release */ = {
			isa = XCBuildConfiguration;
			baseConfigurationReference = D941DC4125F34DEF5F2D64CC /* Pods-DribbbleCollection.release.xcconfig */;
			buildSettings = {
				ASSETCATALOG_COMPILER_APPICON_NAME = AppIcon;
				DEVELOPMENT_TEAM = P42QZ5498J;
				INFOPLIST_FILE = DribbbleCollection/Info.plist;
				LD_RUNPATH_SEARCH_PATHS = "$(inherited) @executable_path/Frameworks";
				PRODUCT_BUNDLE_IDENTIFIER = com.sergtsaeb.DribbbleCollection;
				PRODUCT_NAME = "$(TARGET_NAME)";
				SWIFT_VERSION = 3.0;
			};
			name = Release;
		};
/* End XCBuildConfiguration section */

/* Begin XCConfigurationList section */
		C0C4EF0F1EA83A9E000B4F02 /* Build configuration list for PBXProject "DribbbleCollection" */ = {
			isa = XCConfigurationList;
			buildConfigurations = (
				C0C4EF241EA83A9E000B4F02 /* Debug */,
				C0C4EF251EA83A9E000B4F02 /* Release */,
			);
			defaultConfigurationIsVisible = 0;
			defaultConfigurationName = Release;
		};
		C0C4EF261EA83A9E000B4F02 /* Build configuration list for PBXNativeTarget "DribbbleCollection" */ = {
			isa = XCConfigurationList;
			buildConfigurations = (
				C0C4EF271EA83A9E000B4F02 /* Debug */,
				C0C4EF281EA83A9E000B4F02 /* Release */,
			);
			defaultConfigurationIsVisible = 0;
			defaultConfigurationName = Release;
		};
/* End XCConfigurationList section */
	};
	rootObject = C0C4EF0C1EA83A9E000B4F02 /* Project object */;
}
